
Microsoft Visual Studio Solution File, Format Version 12.00
# Visual Studio Version 17
VisualStudioVersion = 17.14.36221.1
MinimumVisualStudioVersion = 10.0.40219.1
Project("{FAE04EC0-301F-11D3-BF4B-00C04F79EFBC}") = "DocumentManagementSystem", "DocumentManagementSystem\DocumentManagementSystem.csproj", "{AF18DDC1-E0CF-4B34-8E81-03ED6C94D002}"
EndProject
Project("{FAE04EC0-301F-11D3-BF4B-00C04F79EFBC}") = "DocumentManagementTests", "DocumentManagementTests\DocumentManagementTests.csproj", "{081DED9B-008F-4EF8-A8FA-5FBA2F8CE2B3}"
	ProjectSection(ProjectDependencies) = postProject
		{AF18DDC1-E0CF-4B34-8E81-03ED6C94D002} = {AF18DDC1-E0CF-4B34-8E81-03ED6C94D002}
	EndProjectSection
EndProject
Project("{54A90642-561A-4BB1-A94E-469ADEE60C69}") = "documentmanagementui", "DocumentManagementUI\documentmanagementui.esproj", "{549FE9A0-48DB-834E-5703-F79D371853B7}"
EndProject
Project("{2150E333-8FDC-42A3-9474-1A3956D46DE8}") = "Projektmappenelemente", "Projektmappenelemente", "{84D27F74-D2BA-6C25-2661-968F101900D9}"
EndProject
Global
	GlobalSection(SolutionConfigurationPlatforms) = preSolution
		Debug|Any CPU = Debug|Any CPU
		Release|Any CPU = Release|Any CPU
	EndGlobalSection
	GlobalSection(ProjectConfigurationPlatforms) = postSolution
		{AF18DDC1-E0CF-4B34-8E81-03ED6C94D002}.Debug|Any CPU.ActiveCfg = Debug|Any CPU
		{AF18DDC1-E0CF-4B34-8E81-03ED6C94D002}.Debug|Any CPU.Build.0 = Debug|Any CPU
		{AF18DDC1-E0CF-4B34-8E81-03ED6C94D002}.Release|Any CPU.ActiveCfg = Release|Any CPU
		{AF18DDC1-E0CF-4B34-8E81-03ED6C94D002}.Release|Any CPU.Build.0 = Release|Any CPU
		{081DED9B-008F-4EF8-A8FA-5FBA2F8CE2B3}.Debug|Any CPU.ActiveCfg = Debug|Any CPU
		{081DED9B-008F-4EF8-A8FA-5FBA2F8CE2B3}.Debug|Any CPU.Build.0 = Debug|Any CPU
		{081DED9B-008F-4EF8-A8FA-5FBA2F8CE2B3}.Release|Any CPU.ActiveCfg = Release|Any CPU
		{081DED9B-008F-4EF8-A8FA-5FBA2F8CE2B3}.Release|Any CPU.Build.0 = Release|Any CPU
		{549FE9A0-48DB-834E-5703-F79D371853B7}.Debug|Any CPU.ActiveCfg = Debug|Any CPU
		{549FE9A0-48DB-834E-5703-F79D371853B7}.Debug|Any CPU.Build.0 = Debug|Any CPU
		{549FE9A0-48DB-834E-5703-F79D371853B7}.Debug|Any CPU.Deploy.0 = Debug|Any CPU
		{549FE9A0-48DB-834E-5703-F79D371853B7}.Release|Any CPU.ActiveCfg = Release|Any CPU
		{549FE9A0-48DB-834E-5703-F79D371853B7}.Release|Any CPU.Build.0 = Release|Any CPU
		{549FE9A0-48DB-834E-5703-F79D371853B7}.Release|Any CPU.Deploy.0 = Release|Any CPU
	EndGlobalSection
	GlobalSection(SolutionProperties) = preSolution
		HideSolutionNode = FALSE
	EndGlobalSection
	GlobalSection(ExtensibilityGlobals) = postSolution
		SolutionGuid = {B42AC75E-C0DA-470B-9999-1381091C94DB}
	EndGlobalSection
EndGlobal
