
Microsoft Visual Studio Solution File, Format Version 12.00
# Visual Studio Version 17
VisualStudioVersion = 17.14.36518.9 d17.14
MinimumVisualStudioVersion = 10.0.40219.1
Project("{FAE04EC0-301F-11D3-BF4B-00C04F79EFBC}") = "OCRWorker", "OCRWorker\OCRWorker.csproj", "{55C566A2-84FD-438A-B8F7-C9FA9EADB277}"
EndProject
Global
	GlobalSection(SolutionConfigurationPlatforms) = preSolution
		Debug|Any CPU = Debug|Any CPU
		Release|Any CPU = Release|Any CPU
	EndGlobalSection
	GlobalSection(ProjectConfigurationPlatforms) = postSolution
		{55C566A2-84FD-438A-B8F7-C9FA9EADB277}.Debug|Any CPU.ActiveCfg = Debug|Any CPU
		{55C566A2-84FD-438A-B8F7-C9FA9EADB277}.Debug|Any CPU.Build.0 = Debug|Any CPU
		{55C566A2-84FD-438A-B8F7-C9FA9EADB277}.Release|Any CPU.ActiveCfg = Release|Any CPU
		{55C566A2-84FD-438A-B8F7-C9FA9EADB277}.Release|Any CPU.Build.0 = Release|Any CPU
	EndGlobalSection
	GlobalSection(SolutionProperties) = preSolution
		HideSolutionNode = FALSE
	EndGlobalSection
	GlobalSection(ExtensibilityGlobals) = postSolution
		SolutionGuid = {0BFC5BE4-4E62-4189-BCFA-4F9D6E91F27D}
	EndGlobalSection
EndGlobal
